lockfileVersion: '9.0'

settings:
  autoInstallPeers: true
  excludeLinksFromLockfile: false

importers:
  .:
    dependencies:
      fastify:
        specifier: 4.26.0
        version: 4.26.0
    devDependencies:
      typescript:
        specifier: 5.4.2
        version: 5.4.2
      vitest:
        specifier: 1.4.0
        version: 1.4.0
