version = 1
requires-python = ">=3.11"

[[package]]
name = "gateway-jobs"
version = "0.3.1"
source = { editable = "." }
dependencies = [
    { name = "httpx" },
    { name = "pydantic" },
]

[[package]]
name = "httpx"
version = "0.27.0"
source = { registry = "https://pypi.org/simple" }

[[package]]
name = "pydantic"
version = "2.6.4"
source = { registry = "https://pypi.org/simple" }
